
Microsoft Visual Studio Solution File, Format Version 12.00
# Visual Studio Version 17
VisualStudioVersion = 17.0.31903.59
MinimumVisualStudioVersion = 10.0.40219.1
Project("{2150E333-8FDC-42A3-9474-1A3956D46DE8}") = "Services", "Services", "{C3CBC960-F897-459C-AD92-015D260C63F4}"
EndProject
Project("{2150E333-8FDC-42A3-9474-1A3956D46DE8}") = "Course", "Course", "{B0672021-4893-4FC5-A595-4AFA52DE8A36}"
EndProject
Project("{2150E333-8FDC-42A3-9474-1A3956D46DE8}") = "Shared", "Shared", "{17685D4D-985A-4D1C-A231-75F399BA918F}"
EndProject
Project("{FAE04EC0-301F-11D3-BF4B-00C04F79EFBC}") = "Mentorile.Shared", "Shared\Mentorile.Shared\Mentorile.Shared.csproj", "{6616193D-6F88-4809-870A-75DFF8FB5250}"
EndProject
Project("{2150E333-8FDC-42A3-9474-1A3956D46DE8}") = "IdentityServer", "IdentityServer", "{CA18DB94-6F6E-441A-AD54-E152584488C6}"
EndProject
Project("{FAE04EC0-301F-11D3-BF4B-00C04F79EFBC}") = "Mentorile.IdentityServer", "IdentityServer\Mentorile.IdentityServer\Mentorile.IdentityServer.csproj", "{9B005A31-E255-4008-B6BC-B5CB1EB49D83}"
EndProject
Project("{2150E333-8FDC-42A3-9474-1A3956D46DE8}") = "PhotoStock", "PhotoStock", "{E1123D34-0F84-42FA-B373-C668807A17A3}"
EndProject
Project("{2150E333-8FDC-42A3-9474-1A3956D46DE8}") = "Basket", "Basket", "{8998F2C2-A544-4754-B5D3-6396026F91E5}"
EndProject
Project("{FAE04EC0-301F-11D3-BF4B-00C04F79EFBC}") = "Mentorile.Services.Basket", "Services\Basket\Mentorile.Services.Basket\Mentorile.Services.Basket.csproj", "{0EDD4CFC-53D4-473A-8C94-2622F37D358E}"
EndProject
Project("{2150E333-8FDC-42A3-9474-1A3956D46DE8}") = "Order", "Order", "{1782FEBF-8D45-47B2-993C-3EB254E812F4}"
EndProject
Project("{FAE04EC0-301F-11D3-BF4B-00C04F79EFBC}") = "Mentorile.Services.Order.API", "Services\Order\Mentorile.Services.Order.API\Mentorile.Services.Order.API.csproj", "{A9CB4474-D409-4611-8187-4BB35E551A96}"
EndProject
Project("{FAE04EC0-301F-11D3-BF4B-00C04F79EFBC}") = "Mentorile.Services.Order.Application", "Services\Order\Mentorile.Services.Order.Application\Mentorile.Services.Order.Application.csproj", "{ED32F456-6230-4BC0-ADEB-C4D09060ECE3}"
EndProject
Project("{FAE04EC0-301F-11D3-BF4B-00C04F79EFBC}") = "Mentorile.Services.Order.Domain", "Services\Order\Mentorile.Services.Order.Domain\Mentorile.Services.Order.Domain.csproj", "{DB315C75-58E2-4D0F-B7A1-D12599EFE200}"
EndProject
Project("{FAE04EC0-301F-11D3-BF4B-00C04F79EFBC}") = "Mentorile.Services.Order.Domain.Core", "Services\Order\Mentorile.Services.Order.Domain.Core\Mentorile.Services.Order.Domain.Core.csproj", "{468D891A-AC82-4650-AB86-5B8B8D63A754}"
EndProject
Project("{FAE04EC0-301F-11D3-BF4B-00C04F79EFBC}") = "Mentorile.Services.Order.Infrastructure", "Services\Order\Mentorile.Services.Order.Infrastructure\Mentorile.Services.Order.Infrastructure.csproj", "{2521426E-1984-42A9-A0F2-A75F6795EBE4}"
EndProject
Project("{2150E333-8FDC-42A3-9474-1A3956D46DE8}") = "Payment", "Payment", "{0FB1AE73-FD7F-43D3-9E76-CCF3ABD34898}"
EndProject
Project("{FAE04EC0-301F-11D3-BF4B-00C04F79EFBC}") = "Mentorile.Services.Payment.API", "Services\Payment\Mentorile.Services.Payment.API\Mentorile.Services.Payment.API.csproj", "{869A1659-8D92-4B69-8379-7BCA25C0FD8B}"
EndProject
Project("{2150E333-8FDC-42A3-9474-1A3956D46DE8}") = "Gateways", "Gateways", "{2266F9EA-CBDA-4C11-8F7F-A4BD706FAFE6}"
EndProject
Project("{FAE04EC0-301F-11D3-BF4B-00C04F79EFBC}") = "Mentorile.Gateway.API", "Gateways\Mentorile.Gateway.API\Mentorile.Gateway.API.csproj", "{D8C3D579-99BE-4C60-BBB7-5697E2F3A05E}"
EndProject
Project("{2150E333-8FDC-42A3-9474-1A3956D46DE8}") = "Clients", "Clients", "{A9A5D21F-BB59-4EB4-9699-5F55D821B963}"
EndProject
Project("{FAE04EC0-301F-11D3-BF4B-00C04F79EFBC}") = "Mentorile.Client.Web", "Clients\Mentorile.Client.Web\Mentorile.Client.Web.csproj", "{984ADE34-B781-4953-AE21-A3A218EAEC2E}"
EndProject
Project("{2150E333-8FDC-42A3-9474-1A3956D46DE8}") = "Study", "Study", "{3F081514-B192-4E25-BDC5-8C852DC12BAD}"
EndProject
Project("{FAE04EC0-301F-11D3-BF4B-00C04F79EFBC}") = "Mentorile.Services.Study.API", "Services\Study\Mentorile.Services.Study.API\Mentorile.Services.Study.API.csproj", "{97822EE6-6FC5-4CCA-A5D2-666C0D01F1F7}"
EndProject
Project("{FAE04EC0-301F-11D3-BF4B-00C04F79EFBC}") = "Mentorile.Services.Study.Application", "Services\Study\Mentorile.Services.Study.Application\Mentorile.Services.Study.Application.csproj", "{ADCE30BE-49B4-4B65-929C-4A6C4DC8EB4C}"
EndProject
Project("{FAE04EC0-301F-11D3-BF4B-00C04F79EFBC}") = "Mentorile.Services.Study.Domain", "Services\Study\Mentorile.Services.Study.Domain\Mentorile.Services.Study.Domain.csproj", "{DD68B2B6-EAF1-4503-89C7-F7158073C3F3}"
EndProject
Project("{FAE04EC0-301F-11D3-BF4B-00C04F79EFBC}") = "Mentorile.Services.Study.Infrastructure", "Services\Study\Mentorile.Services.Study.Infrastructure\Mentorile.Services.Study.Infrastructure.csproj", "{170FA1D6-246F-4258-BAB8-C5156FAEF540}"
EndProject
Project("{2150E333-8FDC-42A3-9474-1A3956D46DE8}") = "User", "User", "{8A173AE1-87DF-4428-903C-B91C75CFBD44}"
EndProject
Project("{FAE04EC0-301F-11D3-BF4B-00C04F79EFBC}") = "Mentorile.Services.User.Application", "Services\User\Mentorile.Services.User.Application\Mentorile.Services.User.Application.csproj", "{8A3FB436-9FBA-4B41-ADA9-5BD607ED055C}"
EndProject
Project("{FAE04EC0-301F-11D3-BF4B-00C04F79EFBC}") = "Mentorile.Services.User.Domain", "Services\User\Mentorile.Services.User.Domain\Mentorile.Services.User.Domain.csproj", "{7D8C820F-FF79-4334-A5E0-788449332A8C}"
EndProject
Project("{FAE04EC0-301F-11D3-BF4B-00C04F79EFBC}") = "Mentorile.Services.User.Infrastructure", "Services\User\Mentorile.Services.User.Infrastructure\Mentorile.Services.User.Infrastructure.csproj", "{34C585EE-B9D0-4A66-8226-CC625FCEB635}"
EndProject
Project("{FAE04EC0-301F-11D3-BF4B-00C04F79EFBC}") = "Mentorile.Services.User.API", "Services\User\Mentorile.Services.User.API\Mentorile.Services.User.API.csproj", "{117353FD-5100-4875-A8C7-A8DBCEA979CC}"
EndProject
Project("{FAE04EC0-301F-11D3-BF4B-00C04F79EFBC}") = "Mentorile.Services.Course.API", "Services\Course\Mentorile.Services.Course.API\Mentorile.Services.Course.API.csproj", "{CCE400C1-60CD-4772-A66D-14357CB29B95}"
EndProject
Project("{FAE04EC0-301F-11D3-BF4B-00C04F79EFBC}") = "Mentorile.Services.Course.Application", "Services\Course\Mentorile.Services.Course.Application\Mentorile.Services.Course.Application.csproj", "{C54D909C-109B-4885-8D78-AECF3C7A599C}"
EndProject
Project("{FAE04EC0-301F-11D3-BF4B-00C04F79EFBC}") = "Mentorile.Services.Course.Domain", "Services\Course\Mentorile.Services.Course.Domain\Mentorile.Services.Course.Domain.csproj", "{F883B76C-1627-4E82-8BEB-2C200DCA2AC8}"
EndProject
Project("{FAE04EC0-301F-11D3-BF4B-00C04F79EFBC}") = "Mentorile.Services.Course.Infrastructure", "Services\Course\Mentorile.Services.Course.Infrastructure\Mentorile.Services.Course.Infrastructure.csproj", "{072D636B-89BE-46BE-B43C-EE4D641A46F0}"
EndProject
Project("{2150E333-8FDC-42A3-9474-1A3956D46DE8}") = "Discount", "Discount", "{AAAE1899-FD68-4AE4-96C2-45C4206B1F82}"
EndProject
Project("{FAE04EC0-301F-11D3-BF4B-00C04F79EFBC}") = "Mentorile.Services.Discount.API", "Services\Discount\Mentorile.Services.Discount.API\Mentorile.Services.Discount.API.csproj", "{29ED4286-E587-4307-A3F0-54BE62D3CAAC}"
EndProject
Project("{FAE04EC0-301F-11D3-BF4B-00C04F79EFBC}") = "Mentorile.Services.Discount.Application", "Services\Discount\Mentorile.Services.Discount.Application\Mentorile.Services.Discount.Application.csproj", "{3F615C9D-0608-4BD9-9918-D904A28FDD95}"
EndProject
Project("{FAE04EC0-301F-11D3-BF4B-00C04F79EFBC}") = "Mentorile.Services.Discount.Domain", "Services\Discount\Mentorile.Services.Discount.Domain\Mentorile.Services.Discount.Domain.csproj", "{3EDD7B6A-A578-468B-840C-0DB1C1097D34}"
EndProject
Project("{FAE04EC0-301F-11D3-BF4B-00C04F79EFBC}") = "Mentorile.Services.Discount.Infrastructure", "Services\Discount\Mentorile.Services.Discount.Infrastructure\Mentorile.Services.Discount.Infrastructure.csproj", "{941ECAAF-5D66-4844-8FB6-400BC56CDEF2}"
EndProject
Project("{FAE04EC0-301F-11D3-BF4B-00C04F79EFBC}") = "Mentorile.Services.Payment.Application", "Services\Payment\Mentorile.Services.Payment.Application\Mentorile.Services.Payment.Application.csproj", "{B1767227-892E-4C65-B1F2-3315851794F1}"
EndProject
Project("{FAE04EC0-301F-11D3-BF4B-00C04F79EFBC}") = "Mentorile.Services.Payment.Domain", "Services\Payment\Mentorile.Services.Payment.Domain\Mentorile.Services.Payment.Domain.csproj", "{40425A22-2229-49A1-AA7C-A2C2A7DD6F3D}"
EndProject
Project("{FAE04EC0-301F-11D3-BF4B-00C04F79EFBC}") = "Mentorile.Services.Payment.Infrastructure", "Services\Payment\Mentorile.Services.Payment.Infrastructure\Mentorile.Services.Payment.Infrastructure.csproj", "{C168766B-FD91-46AF-A9B8-48FA2BDFB644}"
EndProject
Project("{FAE04EC0-301F-11D3-BF4B-00C04F79EFBC}") = "Mentorile.Services.PhotoStock.API", "Services\PhotoStock\Mentorile.Services.PhotoStock.API\Mentorile.Services.PhotoStock.API.csproj", "{D0949A1C-5A8A-4684-A0C5-48EC5A153377}"
EndProject
Project("{FAE04EC0-301F-11D3-BF4B-00C04F79EFBC}") = "Mentorile.Services.PhotoStock.Application", "Services\PhotoStock\Mentorile.Services.PhotoStock.Application\Mentorile.Services.PhotoStock.Application.csproj", "{65A78D73-8DC4-48F6-8BD5-F8648E17B214}"
EndProject
Project("{FAE04EC0-301F-11D3-BF4B-00C04F79EFBC}") = "Mentorile.Services.PhotoStock.Domain", "Services\PhotoStock\Mentorile.Services.PhotoStock.Domain\Mentorile.Services.PhotoStock.Domain.csproj", "{AD846B3C-0F8C-47F4-ABF6-D8D7135B8A73}"
EndProject
Project("{FAE04EC0-301F-11D3-BF4B-00C04F79EFBC}") = "Mentorile.Services.PhotoStock.Infrastructure", "Services\PhotoStock\Mentorile.Services.PhotoStock.Infrastructure\Mentorile.Services.PhotoStock.Infrastructure.csproj", "{EF840176-8C38-4419-BE01-4253FC6FC407}"
EndProject
Project("{FAE04EC0-301F-11D3-BF4B-00C04F79EFBC}") = "Mentorile.Services.PhotoStock.Abstractions", "Services\PhotoStock\Mentorile.Services.PhotoStock.Abstractions\Mentorile.Services.PhotoStock.Abstractions.csproj", "{1B6345AD-BB54-447A-BA20-6B48E1D76308}"
EndProject
Global
	GlobalSection(SolutionConfigurationPlatforms) = preSolution
		Debug|Any CPU = Debug|Any CPU
		Release|Any CPU = Release|Any CPU
	EndGlobalSection
	GlobalSection(SolutionProperties) = preSolution
		HideSolutionNode = FALSE
	EndGlobalSection
	GlobalSection(ProjectConfigurationPlatforms) = postSolution
		{6616193D-6F88-4809-870A-75DFF8FB5250}.Debug|Any CPU.ActiveCfg = Debug|Any CPU
		{6616193D-6F88-4809-870A-75DFF8FB5250}.Debug|Any CPU.Build.0 = Debug|Any CPU
		{6616193D-6F88-4809-870A-75DFF8FB5250}.Release|Any CPU.ActiveCfg = Release|Any CPU
		{6616193D-6F88-4809-870A-75DFF8FB5250}.Release|Any CPU.Build.0 = Release|Any CPU
		{9B005A31-E255-4008-B6BC-B5CB1EB49D83}.Debug|Any CPU.ActiveCfg = Debug|Any CPU
		{9B005A31-E255-4008-B6BC-B5CB1EB49D83}.Debug|Any CPU.Build.0 = Debug|Any CPU
		{9B005A31-E255-4008-B6BC-B5CB1EB49D83}.Release|Any CPU.ActiveCfg = Release|Any CPU
		{9B005A31-E255-4008-B6BC-B5CB1EB49D83}.Release|Any CPU.Build.0 = Release|Any CPU
		{0EDD4CFC-53D4-473A-8C94-2622F37D358E}.Debug|Any CPU.ActiveCfg = Debug|Any CPU
		{0EDD4CFC-53D4-473A-8C94-2622F37D358E}.Debug|Any CPU.Build.0 = Debug|Any CPU
		{0EDD4CFC-53D4-473A-8C94-2622F37D358E}.Release|Any CPU.ActiveCfg = Release|Any CPU
		{0EDD4CFC-53D4-473A-8C94-2622F37D358E}.Release|Any CPU.Build.0 = Release|Any CPU
		{A9CB4474-D409-4611-8187-4BB35E551A96}.Debug|Any CPU.ActiveCfg = Debug|Any CPU
		{A9CB4474-D409-4611-8187-4BB35E551A96}.Debug|Any CPU.Build.0 = Debug|Any CPU
		{A9CB4474-D409-4611-8187-4BB35E551A96}.Release|Any CPU.ActiveCfg = Release|Any CPU
		{A9CB4474-D409-4611-8187-4BB35E551A96}.Release|Any CPU.Build.0 = Release|Any CPU
		{ED32F456-6230-4BC0-ADEB-C4D09060ECE3}.Debug|Any CPU.ActiveCfg = Debug|Any CPU
		{ED32F456-6230-4BC0-ADEB-C4D09060ECE3}.Debug|Any CPU.Build.0 = Debug|Any CPU
		{ED32F456-6230-4BC0-ADEB-C4D09060ECE3}.Release|Any CPU.ActiveCfg = Release|Any CPU
		{ED32F456-6230-4BC0-ADEB-C4D09060ECE3}.Release|Any CPU.Build.0 = Release|Any CPU
		{DB315C75-58E2-4D0F-B7A1-D12599EFE200}.Debug|Any CPU.ActiveCfg = Debug|Any CPU
		{DB315C75-58E2-4D0F-B7A1-D12599EFE200}.Debug|Any CPU.Build.0 = Debug|Any CPU
		{DB315C75-58E2-4D0F-B7A1-D12599EFE200}.Release|Any CPU.ActiveCfg = Release|Any CPU
		{DB315C75-58E2-4D0F-B7A1-D12599EFE200}.Release|Any CPU.Build.0 = Release|Any CPU
		{468D891A-AC82-4650-AB86-5B8B8D63A754}.Debug|Any CPU.ActiveCfg = Debug|Any CPU
		{468D891A-AC82-4650-AB86-5B8B8D63A754}.Debug|Any CPU.Build.0 = Debug|Any CPU
		{468D891A-AC82-4650-AB86-5B8B8D63A754}.Release|Any CPU.ActiveCfg = Release|Any CPU
		{468D891A-AC82-4650-AB86-5B8B8D63A754}.Release|Any CPU.Build.0 = Release|Any CPU
		{2521426E-1984-42A9-A0F2-A75F6795EBE4}.Debug|Any CPU.ActiveCfg = Debug|Any CPU
		{2521426E-1984-42A9-A0F2-A75F6795EBE4}.Debug|Any CPU.Build.0 = Debug|Any CPU
		{2521426E-1984-42A9-A0F2-A75F6795EBE4}.Release|Any CPU.ActiveCfg = Release|Any CPU
		{2521426E-1984-42A9-A0F2-A75F6795EBE4}.Release|Any CPU.Build.0 = Release|Any CPU
		{869A1659-8D92-4B69-8379-7BCA25C0FD8B}.Debug|Any CPU.ActiveCfg = Debug|Any CPU
		{869A1659-8D92-4B69-8379-7BCA25C0FD8B}.Debug|Any CPU.Build.0 = Debug|Any CPU
		{869A1659-8D92-4B69-8379-7BCA25C0FD8B}.Release|Any CPU.ActiveCfg = Release|Any CPU
		{869A1659-8D92-4B69-8379-7BCA25C0FD8B}.Release|Any CPU.Build.0 = Release|Any CPU
		{D8C3D579-99BE-4C60-BBB7-5697E2F3A05E}.Debug|Any CPU.ActiveCfg = Debug|Any CPU
		{D8C3D579-99BE-4C60-BBB7-5697E2F3A05E}.Debug|Any CPU.Build.0 = Debug|Any CPU
		{D8C3D579-99BE-4C60-BBB7-5697E2F3A05E}.Release|Any CPU.ActiveCfg = Release|Any CPU
		{D8C3D579-99BE-4C60-BBB7-5697E2F3A05E}.Release|Any CPU.Build.0 = Release|Any CPU
		{984ADE34-B781-4953-AE21-A3A218EAEC2E}.Debug|Any CPU.ActiveCfg = Debug|Any CPU
		{984ADE34-B781-4953-AE21-A3A218EAEC2E}.Debug|Any CPU.Build.0 = Debug|Any CPU
		{984ADE34-B781-4953-AE21-A3A218EAEC2E}.Release|Any CPU.ActiveCfg = Release|Any CPU
		{984ADE34-B781-4953-AE21-A3A218EAEC2E}.Release|Any CPU.Build.0 = Release|Any CPU
		{97822EE6-6FC5-4CCA-A5D2-666C0D01F1F7}.Debug|Any CPU.ActiveCfg = Debug|Any CPU
		{97822EE6-6FC5-4CCA-A5D2-666C0D01F1F7}.Debug|Any CPU.Build.0 = Debug|Any CPU
		{97822EE6-6FC5-4CCA-A5D2-666C0D01F1F7}.Release|Any CPU.ActiveCfg = Release|Any CPU
		{97822EE6-6FC5-4CCA-A5D2-666C0D01F1F7}.Release|Any CPU.Build.0 = Release|Any CPU
		{ADCE30BE-49B4-4B65-929C-4A6C4DC8EB4C}.Debug|Any CPU.ActiveCfg = Debug|Any CPU
		{ADCE30BE-49B4-4B65-929C-4A6C4DC8EB4C}.Debug|Any CPU.Build.0 = Debug|Any CPU
		{ADCE30BE-49B4-4B65-929C-4A6C4DC8EB4C}.Release|Any CPU.ActiveCfg = Release|Any CPU
		{ADCE30BE-49B4-4B65-929C-4A6C4DC8EB4C}.Release|Any CPU.Build.0 = Release|Any CPU
		{DD68B2B6-EAF1-4503-89C7-F7158073C3F3}.Debug|Any CPU.ActiveCfg = Debug|Any CPU
		{DD68B2B6-EAF1-4503-89C7-F7158073C3F3}.Debug|Any CPU.Build.0 = Debug|Any CPU
		{DD68B2B6-EAF1-4503-89C7-F7158073C3F3}.Release|Any CPU.ActiveCfg = Release|Any CPU
		{DD68B2B6-EAF1-4503-89C7-F7158073C3F3}.Release|Any CPU.Build.0 = Release|Any CPU
		{170FA1D6-246F-4258-BAB8-C5156FAEF540}.Debug|Any CPU.ActiveCfg = Debug|Any CPU
		{170FA1D6-246F-4258-BAB8-C5156FAEF540}.Debug|Any CPU.Build.0 = Debug|Any CPU
		{170FA1D6-246F-4258-BAB8-C5156FAEF540}.Release|Any CPU.ActiveCfg = Release|Any CPU
		{170FA1D6-246F-4258-BAB8-C5156FAEF540}.Release|Any CPU.Build.0 = Release|Any CPU
		{8A3FB436-9FBA-4B41-ADA9-5BD607ED055C}.Debug|Any CPU.ActiveCfg = Debug|Any CPU
		{8A3FB436-9FBA-4B41-ADA9-5BD607ED055C}.Debug|Any CPU.Build.0 = Debug|Any CPU
		{8A3FB436-9FBA-4B41-ADA9-5BD607ED055C}.Release|Any CPU.ActiveCfg = Release|Any CPU
		{8A3FB436-9FBA-4B41-ADA9-5BD607ED055C}.Release|Any CPU.Build.0 = Release|Any CPU
		{7D8C820F-FF79-4334-A5E0-788449332A8C}.Debug|Any CPU.ActiveCfg = Debug|Any CPU
		{7D8C820F-FF79-4334-A5E0-788449332A8C}.Debug|Any CPU.Build.0 = Debug|Any CPU
		{7D8C820F-FF79-4334-A5E0-788449332A8C}.Release|Any CPU.ActiveCfg = Release|Any CPU
		{7D8C820F-FF79-4334-A5E0-788449332A8C}.Release|Any CPU.Build.0 = Release|Any CPU
		{34C585EE-B9D0-4A66-8226-CC625FCEB635}.Debug|Any CPU.ActiveCfg = Debug|Any CPU
		{34C585EE-B9D0-4A66-8226-CC625FCEB635}.Debug|Any CPU.Build.0 = Debug|Any CPU
		{34C585EE-B9D0-4A66-8226-CC625FCEB635}.Release|Any CPU.ActiveCfg = Release|Any CPU
		{34C585EE-B9D0-4A66-8226-CC625FCEB635}.Release|Any CPU.Build.0 = Release|Any CPU
		{117353FD-5100-4875-A8C7-A8DBCEA979CC}.Debug|Any CPU.ActiveCfg = Debug|Any CPU
		{117353FD-5100-4875-A8C7-A8DBCEA979CC}.Debug|Any CPU.Build.0 = Debug|Any CPU
		{117353FD-5100-4875-A8C7-A8DBCEA979CC}.Release|Any CPU.ActiveCfg = Release|Any CPU
		{117353FD-5100-4875-A8C7-A8DBCEA979CC}.Release|Any CPU.Build.0 = Release|Any CPU
		{CCE400C1-60CD-4772-A66D-14357CB29B95}.Debug|Any CPU.ActiveCfg = Debug|Any CPU
		{CCE400C1-60CD-4772-A66D-14357CB29B95}.Debug|Any CPU.Build.0 = Debug|Any CPU
		{CCE400C1-60CD-4772-A66D-14357CB29B95}.Release|Any CPU.ActiveCfg = Release|Any CPU
		{CCE400C1-60CD-4772-A66D-14357CB29B95}.Release|Any CPU.Build.0 = Release|Any CPU
		{C54D909C-109B-4885-8D78-AECF3C7A599C}.Debug|Any CPU.ActiveCfg = Debug|Any CPU
		{C54D909C-109B-4885-8D78-AECF3C7A599C}.Debug|Any CPU.Build.0 = Debug|Any CPU
		{C54D909C-109B-4885-8D78-AECF3C7A599C}.Release|Any CPU.ActiveCfg = Release|Any CPU
		{C54D909C-109B-4885-8D78-AECF3C7A599C}.Release|Any CPU.Build.0 = Release|Any CPU
		{F883B76C-1627-4E82-8BEB-2C200DCA2AC8}.Debug|Any CPU.ActiveCfg = Debug|Any CPU
		{F883B76C-1627-4E82-8BEB-2C200DCA2AC8}.Debug|Any CPU.Build.0 = Debug|Any CPU
		{F883B76C-1627-4E82-8BEB-2C200DCA2AC8}.Release|Any CPU.ActiveCfg = Release|Any CPU
		{F883B76C-1627-4E82-8BEB-2C200DCA2AC8}.Release|Any CPU.Build.0 = Release|Any CPU
		{072D636B-89BE-46BE-B43C-EE4D641A46F0}.Debug|Any CPU.ActiveCfg = Debug|Any CPU
		{072D636B-89BE-46BE-B43C-EE4D641A46F0}.Debug|Any CPU.Build.0 = Debug|Any CPU
		{072D636B-89BE-46BE-B43C-EE4D641A46F0}.Release|Any CPU.ActiveCfg = Release|Any CPU
		{072D636B-89BE-46BE-B43C-EE4D641A46F0}.Release|Any CPU.Build.0 = Release|Any CPU
		{29ED4286-E587-4307-A3F0-54BE62D3CAAC}.Debug|Any CPU.ActiveCfg = Debug|Any CPU
		{29ED4286-E587-4307-A3F0-54BE62D3CAAC}.Debug|Any CPU.Build.0 = Debug|Any CPU
		{29ED4286-E587-4307-A3F0-54BE62D3CAAC}.Release|Any CPU.ActiveCfg = Release|Any CPU
		{29ED4286-E587-4307-A3F0-54BE62D3CAAC}.Release|Any CPU.Build.0 = Release|Any CPU
		{3F615C9D-0608-4BD9-9918-D904A28FDD95}.Debug|Any CPU.ActiveCfg = Debug|Any CPU
		{3F615C9D-0608-4BD9-9918-D904A28FDD95}.Debug|Any CPU.Build.0 = Debug|Any CPU
		{3F615C9D-0608-4BD9-9918-D904A28FDD95}.Release|Any CPU.ActiveCfg = Release|Any CPU
		{3F615C9D-0608-4BD9-9918-D904A28FDD95}.Release|Any CPU.Build.0 = Release|Any CPU
		{3EDD7B6A-A578-468B-840C-0DB1C1097D34}.Debug|Any CPU.ActiveCfg = Debug|Any CPU
		{3EDD7B6A-A578-468B-840C-0DB1C1097D34}.Debug|Any CPU.Build.0 = Debug|Any CPU
		{3EDD7B6A-A578-468B-840C-0DB1C1097D34}.Release|Any CPU.ActiveCfg = Release|Any CPU
		{3EDD7B6A-A578-468B-840C-0DB1C1097D34}.Release|Any CPU.Build.0 = Release|Any CPU
		{941ECAAF-5D66-4844-8FB6-400BC56CDEF2}.Debug|Any CPU.ActiveCfg = Debug|Any CPU
		{941ECAAF-5D66-4844-8FB6-400BC56CDEF2}.Debug|Any CPU.Build.0 = Debug|Any CPU
		{941ECAAF-5D66-4844-8FB6-400BC56CDEF2}.Release|Any CPU.ActiveCfg = Release|Any CPU
		{941ECAAF-5D66-4844-8FB6-400BC56CDEF2}.Release|Any CPU.Build.0 = Release|Any CPU
		{B1767227-892E-4C65-B1F2-3315851794F1}.Debug|Any CPU.ActiveCfg = Debug|Any CPU
		{B1767227-892E-4C65-B1F2-3315851794F1}.Debug|Any CPU.Build.0 = Debug|Any CPU
		{B1767227-892E-4C65-B1F2-3315851794F1}.Release|Any CPU.ActiveCfg = Release|Any CPU
		{B1767227-892E-4C65-B1F2-3315851794F1}.Release|Any CPU.Build.0 = Release|Any CPU
		{40425A22-2229-49A1-AA7C-A2C2A7DD6F3D}.Debug|Any CPU.ActiveCfg = Debug|Any CPU
		{40425A22-2229-49A1-AA7C-A2C2A7DD6F3D}.Debug|Any CPU.Build.0 = Debug|Any CPU
		{40425A22-2229-49A1-AA7C-A2C2A7DD6F3D}.Release|Any CPU.ActiveCfg = Release|Any CPU
		{40425A22-2229-49A1-AA7C-A2C2A7DD6F3D}.Release|Any CPU.Build.0 = Release|Any CPU
		{56AD67BE-4344-4C6C-B2BA-D23BB79A2906}.Debug|Any CPU.ActiveCfg = Debug|Any CPU
		{56AD67BE-4344-4C6C-B2BA-D23BB79A2906}.Debug|Any CPU.Build.0 = Debug|Any CPU
		{56AD67BE-4344-4C6C-B2BA-D23BB79A2906}.Release|Any CPU.ActiveCfg = Release|Any CPU
		{56AD67BE-4344-4C6C-B2BA-D23BB79A2906}.Release|Any CPU.Build.0 = Release|Any CPU
		{C168766B-FD91-46AF-A9B8-48FA2BDFB644}.Debug|Any CPU.ActiveCfg = Debug|Any CPU
		{C168766B-FD91-46AF-A9B8-48FA2BDFB644}.Debug|Any CPU.Build.0 = Debug|Any CPU
		{C168766B-FD91-46AF-A9B8-48FA2BDFB644}.Release|Any CPU.ActiveCfg = Release|Any CPU
		{C168766B-FD91-46AF-A9B8-48FA2BDFB644}.Release|Any CPU.Build.0 = Release|Any CPU
		{D0949A1C-5A8A-4684-A0C5-48EC5A153377}.Debug|Any CPU.ActiveCfg = Debug|Any CPU
		{D0949A1C-5A8A-4684-A0C5-48EC5A153377}.Debug|Any CPU.Build.0 = Debug|Any CPU
		{D0949A1C-5A8A-4684-A0C5-48EC5A153377}.Release|Any CPU.ActiveCfg = Release|Any CPU
		{D0949A1C-5A8A-4684-A0C5-48EC5A153377}.Release|Any CPU.Build.0 = Release|Any CPU
		{65A78D73-8DC4-48F6-8BD5-F8648E17B214}.Debug|Any CPU.ActiveCfg = Debug|Any CPU
		{65A78D73-8DC4-48F6-8BD5-F8648E17B214}.Debug|Any CPU.Build.0 = Debug|Any CPU
		{65A78D73-8DC4-48F6-8BD5-F8648E17B214}.Release|Any CPU.ActiveCfg = Release|Any CPU
		{65A78D73-8DC4-48F6-8BD5-F8648E17B214}.Release|Any CPU.Build.0 = Release|Any CPU
		{AD846B3C-0F8C-47F4-ABF6-D8D7135B8A73}.Debug|Any CPU.ActiveCfg = Debug|Any CPU
		{AD846B3C-0F8C-47F4-ABF6-D8D7135B8A73}.Debug|Any CPU.Build.0 = Debug|Any CPU
		{AD846B3C-0F8C-47F4-ABF6-D8D7135B8A73}.Release|Any CPU.ActiveCfg = Release|Any CPU
		{AD846B3C-0F8C-47F4-ABF6-D8D7135B8A73}.Release|Any CPU.Build.0 = Release|Any CPU
		{EF840176-8C38-4419-BE01-4253FC6FC407}.Debug|Any CPU.ActiveCfg = Debug|Any CPU
		{EF840176-8C38-4419-BE01-4253FC6FC407}.Debug|Any CPU.Build.0 = Debug|Any CPU
		{EF840176-8C38-4419-BE01-4253FC6FC407}.Release|Any CPU.ActiveCfg = Release|Any CPU
		{EF840176-8C38-4419-BE01-4253FC6FC407}.Release|Any CPU.Build.0 = Release|Any CPU
		{1B6345AD-BB54-447A-BA20-6B48E1D76308}.Debug|Any CPU.ActiveCfg = Debug|Any CPU
		{1B6345AD-BB54-447A-BA20-6B48E1D76308}.Debug|Any CPU.Build.0 = Debug|Any CPU
		{1B6345AD-BB54-447A-BA20-6B48E1D76308}.Release|Any CPU.ActiveCfg = Release|Any CPU
		{1B6345AD-BB54-447A-BA20-6B48E1D76308}.Release|Any CPU.Build.0 = Release|Any CPU
	EndGlobalSection
	GlobalSection(NestedProjects) = preSolution
		{B0672021-4893-4FC5-A595-4AFA52DE8A36} = {C3CBC960-F897-459C-AD92-015D260C63F4}
		{6616193D-6F88-4809-870A-75DFF8FB5250} = {17685D4D-985A-4D1C-A231-75F399BA918F}
		{9B005A31-E255-4008-B6BC-B5CB1EB49D83} = {CA18DB94-6F6E-441A-AD54-E152584488C6}
		{E1123D34-0F84-42FA-B373-C668807A17A3} = {C3CBC960-F897-459C-AD92-015D260C63F4}
		{8998F2C2-A544-4754-B5D3-6396026F91E5} = {C3CBC960-F897-459C-AD92-015D260C63F4}
		{0EDD4CFC-53D4-473A-8C94-2622F37D358E} = {8998F2C2-A544-4754-B5D3-6396026F91E5}
		{1782FEBF-8D45-47B2-993C-3EB254E812F4} = {C3CBC960-F897-459C-AD92-015D260C63F4}
		{A9CB4474-D409-4611-8187-4BB35E551A96} = {1782FEBF-8D45-47B2-993C-3EB254E812F4}
		{ED32F456-6230-4BC0-ADEB-C4D09060ECE3} = {1782FEBF-8D45-47B2-993C-3EB254E812F4}
		{DB315C75-58E2-4D0F-B7A1-D12599EFE200} = {1782FEBF-8D45-47B2-993C-3EB254E812F4}
		{468D891A-AC82-4650-AB86-5B8B8D63A754} = {1782FEBF-8D45-47B2-993C-3EB254E812F4}
		{2521426E-1984-42A9-A0F2-A75F6795EBE4} = {1782FEBF-8D45-47B2-993C-3EB254E812F4}
		{D8C3D579-99BE-4C60-BBB7-5697E2F3A05E} = {2266F9EA-CBDA-4C11-8F7F-A4BD706FAFE6}
		{984ADE34-B781-4953-AE21-A3A218EAEC2E} = {A9A5D21F-BB59-4EB4-9699-5F55D821B963}
		{3F081514-B192-4E25-BDC5-8C852DC12BAD} = {C3CBC960-F897-459C-AD92-015D260C63F4}
		{97822EE6-6FC5-4CCA-A5D2-666C0D01F1F7} = {3F081514-B192-4E25-BDC5-8C852DC12BAD}
		{ADCE30BE-49B4-4B65-929C-4A6C4DC8EB4C} = {3F081514-B192-4E25-BDC5-8C852DC12BAD}
		{DD68B2B6-EAF1-4503-89C7-F7158073C3F3} = {3F081514-B192-4E25-BDC5-8C852DC12BAD}
		{170FA1D6-246F-4258-BAB8-C5156FAEF540} = {3F081514-B192-4E25-BDC5-8C852DC12BAD}
		{8A173AE1-87DF-4428-903C-B91C75CFBD44} = {C3CBC960-F897-459C-AD92-015D260C63F4}
		{8A3FB436-9FBA-4B41-ADA9-5BD607ED055C} = {8A173AE1-87DF-4428-903C-B91C75CFBD44}
		{7D8C820F-FF79-4334-A5E0-788449332A8C} = {8A173AE1-87DF-4428-903C-B91C75CFBD44}
		{34C585EE-B9D0-4A66-8226-CC625FCEB635} = {8A173AE1-87DF-4428-903C-B91C75CFBD44}
		{117353FD-5100-4875-A8C7-A8DBCEA979CC} = {8A173AE1-87DF-4428-903C-B91C75CFBD44}
		{CCE400C1-60CD-4772-A66D-14357CB29B95} = {B0672021-4893-4FC5-A595-4AFA52DE8A36}
		{C54D909C-109B-4885-8D78-AECF3C7A599C} = {B0672021-4893-4FC5-A595-4AFA52DE8A36}
		{F883B76C-1627-4E82-8BEB-2C200DCA2AC8} = {B0672021-4893-4FC5-A595-4AFA52DE8A36}
		{072D636B-89BE-46BE-B43C-EE4D641A46F0} = {B0672021-4893-4FC5-A595-4AFA52DE8A36}
		{AAAE1899-FD68-4AE4-96C2-45C4206B1F82} = {C3CBC960-F897-459C-AD92-015D260C63F4}
		{29ED4286-E587-4307-A3F0-54BE62D3CAAC} = {AAAE1899-FD68-4AE4-96C2-45C4206B1F82}
		{3F615C9D-0608-4BD9-9918-D904A28FDD95} = {AAAE1899-FD68-4AE4-96C2-45C4206B1F82}
		{3EDD7B6A-A578-468B-840C-0DB1C1097D34} = {AAAE1899-FD68-4AE4-96C2-45C4206B1F82}
		{941ECAAF-5D66-4844-8FB6-400BC56CDEF2} = {AAAE1899-FD68-4AE4-96C2-45C4206B1F82}
		{D0949A1C-5A8A-4684-A0C5-48EC5A153377} = {E1123D34-0F84-42FA-B373-C668807A17A3}
		{65A78D73-8DC4-48F6-8BD5-F8648E17B214} = {E1123D34-0F84-42FA-B373-C668807A17A3}
		{AD846B3C-0F8C-47F4-ABF6-D8D7135B8A73} = {E1123D34-0F84-42FA-B373-C668807A17A3}
		{EF840176-8C38-4419-BE01-4253FC6FC407} = {E1123D34-0F84-42FA-B373-C668807A17A3}
		{1B6345AD-BB54-447A-BA20-6B48E1D76308} = {E1123D34-0F84-42FA-B373-C668807A17A3}
	EndGlobalSection
EndGlobal
