
Microsoft Visual Studio Solution File, Format Version 12.00
# Visual Studio Version 17
VisualStudioVersion = 17.0.31903.59
MinimumVisualStudioVersion = 10.0.40219.1
Project("{2150E333-8FDC-42A3-9474-1A3956D46DE8}") = "Services", "Services", "{C3CBC960-F897-459C-AD92-015D260C63F4}"
EndProject
Project("{2150E333-8FDC-42A3-9474-1A3956D46DE8}") = "Course", "Course", "{B0672021-4893-4FC5-A595-4AFA52DE8A36}"
EndProject
Project("{FAE04EC0-301F-11D3-BF4B-00C04F79EFBC}") = "Mentorile.Services.Course", "Services\Course\Mentorile.Services.Course\Mentorile.Services.Course.csproj", "{CD6B8C7B-1B7E-472E-8032-08F64C81B981}"
EndProject
Project("{2150E333-8FDC-42A3-9474-1A3956D46DE8}") = "Shared", "Shared", "{17685D4D-985A-4D1C-A231-75F399BA918F}"
EndProject
Project("{FAE04EC0-301F-11D3-BF4B-00C04F79EFBC}") = "Mentorile.Shared", "Shared\Mentorile.Shared\Mentorile.Shared.csproj", "{6616193D-6F88-4809-870A-75DFF8FB5250}"
EndProject
Project("{2150E333-8FDC-42A3-9474-1A3956D46DE8}") = "IdentityServer", "IdentityServer", "{CA18DB94-6F6E-441A-AD54-E152584488C6}"
EndProject
Project("{FAE04EC0-301F-11D3-BF4B-00C04F79EFBC}") = "Mentorile.IdentityServer", "IdentityServer\Mentorile.IdentityServer\Mentorile.IdentityServer.csproj", "{9B005A31-E255-4008-B6BC-B5CB1EB49D83}"
EndProject
Project("{2150E333-8FDC-42A3-9474-1A3956D46DE8}") = "PhotoStock", "PhotoStock", "{E1123D34-0F84-42FA-B373-C668807A17A3}"
EndProject
Project("{FAE04EC0-301F-11D3-BF4B-00C04F79EFBC}") = "Mentorile.Services.PhotoStock", "Services\PhotoStock\Mentorile.Services.PhotoStock\Mentorile.Services.PhotoStock.csproj", "{07A5216F-A2E7-41DA-A911-A7A4813AA489}"
EndProject
Project("{2150E333-8FDC-42A3-9474-1A3956D46DE8}") = "Basket", "Basket", "{8998F2C2-A544-4754-B5D3-6396026F91E5}"
EndProject
Project("{FAE04EC0-301F-11D3-BF4B-00C04F79EFBC}") = "Mentorile.Services.Basket", "Services\Basket\Mentorile.Services.Basket\Mentorile.Services.Basket.csproj", "{0EDD4CFC-53D4-473A-8C94-2622F37D358E}"
EndProject
Project("{2150E333-8FDC-42A3-9474-1A3956D46DE8}") = "Discount", "Discount", "{E1EFE467-5662-4FDC-AF81-5340C733AC06}"
EndProject
Project("{FAE04EC0-301F-11D3-BF4B-00C04F79EFBC}") = "Mentorile.Services.Discount", "Services\Discount\Mentorile.Services.Discount\Mentorile.Services.Discount.csproj", "{3EDCDC93-2C1F-4382-8210-E8102EC479D7}"
EndProject
Project("{2150E333-8FDC-42A3-9474-1A3956D46DE8}") = "Order", "Order", "{1782FEBF-8D45-47B2-993C-3EB254E812F4}"
EndProject
Project("{FAE04EC0-301F-11D3-BF4B-00C04F79EFBC}") = "Mentorile.Services.Order.API", "Services\Order\Mentorile.Services.Order.API\Mentorile.Services.Order.API.csproj", "{A9CB4474-D409-4611-8187-4BB35E551A96}"
EndProject
Project("{FAE04EC0-301F-11D3-BF4B-00C04F79EFBC}") = "Mentorile.Services.Order.Application", "Services\Order\Mentorile.Services.Order.Application\Mentorile.Services.Order.Application.csproj", "{ED32F456-6230-4BC0-ADEB-C4D09060ECE3}"
EndProject
Project("{FAE04EC0-301F-11D3-BF4B-00C04F79EFBC}") = "Mentorile.Services.Order.Domain", "Services\Order\Mentorile.Services.Order.Domain\Mentorile.Services.Order.Domain.csproj", "{DB315C75-58E2-4D0F-B7A1-D12599EFE200}"
EndProject
Project("{FAE04EC0-301F-11D3-BF4B-00C04F79EFBC}") = "Mentorile.Services.Order.Domain.Core", "Services\Order\Mentorile.Services.Order.Domain.Core\Mentorile.Services.Order.Domain.Core.csproj", "{468D891A-AC82-4650-AB86-5B8B8D63A754}"
EndProject
Project("{FAE04EC0-301F-11D3-BF4B-00C04F79EFBC}") = "Mentorile.Services.Order.Infrastructure", "Services\Order\Mentorile.Services.Order.Infrastructure\Mentorile.Services.Order.Infrastructure.csproj", "{2521426E-1984-42A9-A0F2-A75F6795EBE4}"
EndProject
Project("{2150E333-8FDC-42A3-9474-1A3956D46DE8}") = "Payment", "Payment", "{0FB1AE73-FD7F-43D3-9E76-CCF3ABD34898}"
EndProject
Project("{FAE04EC0-301F-11D3-BF4B-00C04F79EFBC}") = "Mentorile.Services.Payment.API", "Services\Payment\Mentorile.Services.Payment.API\Mentorile.Services.Payment.API.csproj", "{869A1659-8D92-4B69-8379-7BCA25C0FD8B}"
EndProject
Project("{2150E333-8FDC-42A3-9474-1A3956D46DE8}") = "Gateways", "Gateways", "{2266F9EA-CBDA-4C11-8F7F-A4BD706FAFE6}"
EndProject
Project("{FAE04EC0-301F-11D3-BF4B-00C04F79EFBC}") = "Mentorile.Gateway.API", "Gateways\Mentorile.Gateway.API\Mentorile.Gateway.API.csproj", "{D8C3D579-99BE-4C60-BBB7-5697E2F3A05E}"
EndProject
Global
	GlobalSection(SolutionConfigurationPlatforms) = preSolution
		Debug|Any CPU = Debug|Any CPU
		Release|Any CPU = Release|Any CPU
	EndGlobalSection
	GlobalSection(SolutionProperties) = preSolution
		HideSolutionNode = FALSE
	EndGlobalSection
	GlobalSection(ProjectConfigurationPlatforms) = postSolution
		{CD6B8C7B-1B7E-472E-8032-08F64C81B981}.Debug|Any CPU.ActiveCfg = Debug|Any CPU
		{CD6B8C7B-1B7E-472E-8032-08F64C81B981}.Debug|Any CPU.Build.0 = Debug|Any CPU
		{CD6B8C7B-1B7E-472E-8032-08F64C81B981}.Release|Any CPU.ActiveCfg = Release|Any CPU
		{CD6B8C7B-1B7E-472E-8032-08F64C81B981}.Release|Any CPU.Build.0 = Release|Any CPU
		{6616193D-6F88-4809-870A-75DFF8FB5250}.Debug|Any CPU.ActiveCfg = Debug|Any CPU
		{6616193D-6F88-4809-870A-75DFF8FB5250}.Debug|Any CPU.Build.0 = Debug|Any CPU
		{6616193D-6F88-4809-870A-75DFF8FB5250}.Release|Any CPU.ActiveCfg = Release|Any CPU
		{6616193D-6F88-4809-870A-75DFF8FB5250}.Release|Any CPU.Build.0 = Release|Any CPU
		{9B005A31-E255-4008-B6BC-B5CB1EB49D83}.Debug|Any CPU.ActiveCfg = Debug|Any CPU
		{9B005A31-E255-4008-B6BC-B5CB1EB49D83}.Debug|Any CPU.Build.0 = Debug|Any CPU
		{9B005A31-E255-4008-B6BC-B5CB1EB49D83}.Release|Any CPU.ActiveCfg = Release|Any CPU
		{9B005A31-E255-4008-B6BC-B5CB1EB49D83}.Release|Any CPU.Build.0 = Release|Any CPU
		{07A5216F-A2E7-41DA-A911-A7A4813AA489}.Debug|Any CPU.ActiveCfg = Debug|Any CPU
		{07A5216F-A2E7-41DA-A911-A7A4813AA489}.Debug|Any CPU.Build.0 = Debug|Any CPU
		{07A5216F-A2E7-41DA-A911-A7A4813AA489}.Release|Any CPU.ActiveCfg = Release|Any CPU
		{07A5216F-A2E7-41DA-A911-A7A4813AA489}.Release|Any CPU.Build.0 = Release|Any CPU
		{0EDD4CFC-53D4-473A-8C94-2622F37D358E}.Debug|Any CPU.ActiveCfg = Debug|Any CPU
		{0EDD4CFC-53D4-473A-8C94-2622F37D358E}.Debug|Any CPU.Build.0 = Debug|Any CPU
		{0EDD4CFC-53D4-473A-8C94-2622F37D358E}.Release|Any CPU.ActiveCfg = Release|Any CPU
		{0EDD4CFC-53D4-473A-8C94-2622F37D358E}.Release|Any CPU.Build.0 = Release|Any CPU
		{3EDCDC93-2C1F-4382-8210-E8102EC479D7}.Debug|Any CPU.ActiveCfg = Debug|Any CPU
		{3EDCDC93-2C1F-4382-8210-E8102EC479D7}.Debug|Any CPU.Build.0 = Debug|Any CPU
		{3EDCDC93-2C1F-4382-8210-E8102EC479D7}.Release|Any CPU.ActiveCfg = Release|Any CPU
		{3EDCDC93-2C1F-4382-8210-E8102EC479D7}.Release|Any CPU.Build.0 = Release|Any CPU
		{A9CB4474-D409-4611-8187-4BB35E551A96}.Debug|Any CPU.ActiveCfg = Debug|Any CPU
		{A9CB4474-D409-4611-8187-4BB35E551A96}.Debug|Any CPU.Build.0 = Debug|Any CPU
		{A9CB4474-D409-4611-8187-4BB35E551A96}.Release|Any CPU.ActiveCfg = Release|Any CPU
		{A9CB4474-D409-4611-8187-4BB35E551A96}.Release|Any CPU.Build.0 = Release|Any CPU
		{ED32F456-6230-4BC0-ADEB-C4D09060ECE3}.Debug|Any CPU.ActiveCfg = Debug|Any CPU
		{ED32F456-6230-4BC0-ADEB-C4D09060ECE3}.Debug|Any CPU.Build.0 = Debug|Any CPU
		{ED32F456-6230-4BC0-ADEB-C4D09060ECE3}.Release|Any CPU.ActiveCfg = Release|Any CPU
		{ED32F456-6230-4BC0-ADEB-C4D09060ECE3}.Release|Any CPU.Build.0 = Release|Any CPU
		{DB315C75-58E2-4D0F-B7A1-D12599EFE200}.Debug|Any CPU.ActiveCfg = Debug|Any CPU
		{DB315C75-58E2-4D0F-B7A1-D12599EFE200}.Debug|Any CPU.Build.0 = Debug|Any CPU
		{DB315C75-58E2-4D0F-B7A1-D12599EFE200}.Release|Any CPU.ActiveCfg = Release|Any CPU
		{DB315C75-58E2-4D0F-B7A1-D12599EFE200}.Release|Any CPU.Build.0 = Release|Any CPU
		{468D891A-AC82-4650-AB86-5B8B8D63A754}.Debug|Any CPU.ActiveCfg = Debug|Any CPU
		{468D891A-AC82-4650-AB86-5B8B8D63A754}.Debug|Any CPU.Build.0 = Debug|Any CPU
		{468D891A-AC82-4650-AB86-5B8B8D63A754}.Release|Any CPU.ActiveCfg = Release|Any CPU
		{468D891A-AC82-4650-AB86-5B8B8D63A754}.Release|Any CPU.Build.0 = Release|Any CPU
		{2521426E-1984-42A9-A0F2-A75F6795EBE4}.Debug|Any CPU.ActiveCfg = Debug|Any CPU
		{2521426E-1984-42A9-A0F2-A75F6795EBE4}.Debug|Any CPU.Build.0 = Debug|Any CPU
		{2521426E-1984-42A9-A0F2-A75F6795EBE4}.Release|Any CPU.ActiveCfg = Release|Any CPU
		{2521426E-1984-42A9-A0F2-A75F6795EBE4}.Release|Any CPU.Build.0 = Release|Any CPU
		{869A1659-8D92-4B69-8379-7BCA25C0FD8B}.Debug|Any CPU.ActiveCfg = Debug|Any CPU
		{869A1659-8D92-4B69-8379-7BCA25C0FD8B}.Debug|Any CPU.Build.0 = Debug|Any CPU
		{869A1659-8D92-4B69-8379-7BCA25C0FD8B}.Release|Any CPU.ActiveCfg = Release|Any CPU
		{869A1659-8D92-4B69-8379-7BCA25C0FD8B}.Release|Any CPU.Build.0 = Release|Any CPU
		{D8C3D579-99BE-4C60-BBB7-5697E2F3A05E}.Debug|Any CPU.ActiveCfg = Debug|Any CPU
		{D8C3D579-99BE-4C60-BBB7-5697E2F3A05E}.Debug|Any CPU.Build.0 = Debug|Any CPU
		{D8C3D579-99BE-4C60-BBB7-5697E2F3A05E}.Release|Any CPU.ActiveCfg = Release|Any CPU
		{D8C3D579-99BE-4C60-BBB7-5697E2F3A05E}.Release|Any CPU.Build.0 = Release|Any CPU
	EndGlobalSection
	GlobalSection(NestedProjects) = preSolution
		{B0672021-4893-4FC5-A595-4AFA52DE8A36} = {C3CBC960-F897-459C-AD92-015D260C63F4}
		{CD6B8C7B-1B7E-472E-8032-08F64C81B981} = {B0672021-4893-4FC5-A595-4AFA52DE8A36}
		{6616193D-6F88-4809-870A-75DFF8FB5250} = {17685D4D-985A-4D1C-A231-75F399BA918F}
		{9B005A31-E255-4008-B6BC-B5CB1EB49D83} = {CA18DB94-6F6E-441A-AD54-E152584488C6}
		{E1123D34-0F84-42FA-B373-C668807A17A3} = {C3CBC960-F897-459C-AD92-015D260C63F4}
		{07A5216F-A2E7-41DA-A911-A7A4813AA489} = {E1123D34-0F84-42FA-B373-C668807A17A3}
		{8998F2C2-A544-4754-B5D3-6396026F91E5} = {C3CBC960-F897-459C-AD92-015D260C63F4}
		{0EDD4CFC-53D4-473A-8C94-2622F37D358E} = {8998F2C2-A544-4754-B5D3-6396026F91E5}
		{E1EFE467-5662-4FDC-AF81-5340C733AC06} = {C3CBC960-F897-459C-AD92-015D260C63F4}
		{3EDCDC93-2C1F-4382-8210-E8102EC479D7} = {E1EFE467-5662-4FDC-AF81-5340C733AC06}
		{1782FEBF-8D45-47B2-993C-3EB254E812F4} = {C3CBC960-F897-459C-AD92-015D260C63F4}
		{A9CB4474-D409-4611-8187-4BB35E551A96} = {1782FEBF-8D45-47B2-993C-3EB254E812F4}
		{ED32F456-6230-4BC0-ADEB-C4D09060ECE3} = {1782FEBF-8D45-47B2-993C-3EB254E812F4}
		{DB315C75-58E2-4D0F-B7A1-D12599EFE200} = {1782FEBF-8D45-47B2-993C-3EB254E812F4}
		{468D891A-AC82-4650-AB86-5B8B8D63A754} = {1782FEBF-8D45-47B2-993C-3EB254E812F4}
		{2521426E-1984-42A9-A0F2-A75F6795EBE4} = {1782FEBF-8D45-47B2-993C-3EB254E812F4}
		{0FB1AE73-FD7F-43D3-9E76-CCF3ABD34898} = {C3CBC960-F897-459C-AD92-015D260C63F4}
		{869A1659-8D92-4B69-8379-7BCA25C0FD8B} = {0FB1AE73-FD7F-43D3-9E76-CCF3ABD34898}
		{D8C3D579-99BE-4C60-BBB7-5697E2F3A05E} = {2266F9EA-CBDA-4C11-8F7F-A4BD706FAFE6}
	EndGlobalSection
EndGlobal
